# This file is automatically @generated by Wally.
# It is not intended for manual editing.
registry = "test"

[[package]]
name = "alreadypro/profileservice"
version = "1.0.4"
dependencies = []

[[package]]
name = "aspecky/viewportfitter"
version = "1.0.0"
dependencies = []

[[package]]
name = "call23re/goodsignal"
version = "0.2.2"
dependencies = []

[[package]]
name = "csqrl/sift"
version = "0.0.8"
dependencies = []

[[package]]
name = "elttob/fusion"
version = "0.2.0"
dependencies = []

[[package]]
name = "evaera/promise"
version = "4.0.0"
dependencies = []

[[package]]
name = "ffrostflame/bridgenet2"
version = "1.0.0"
dependencies = [["RemotePacketSizeCounter", "pysephwasntavailable/remotepacketsizecounter@2.4.1"], ["TableKit", "ffrostflame/tablekit@0.2.4"], ["wallyInstanceManager", "ffrostflame/wally-instance-manager@0.1.0"]]

[[package]]
name = "ffrostflame/tablekit"
version = "0.2.4"
dependencies = []

[[package]]
name = "ffrostflame/wally-instance-manager"
version = "0.1.0"
dependencies = []

[[package]]
name = "howmanysmall/janitor"
version = "1.16.0"
dependencies = [["Promise", "evaera/promise@4.0.0"]]

[[package]]
name = "littensy/reflex"
version = "4.3.1"
dependencies = [["Promise", "evaera/promise@4.0.0"]]

[[package]]
name = "mattschrubb/zoneplus"
version = "3.2.0"
dependencies = []

[[package]]
name = "nicho/be-a-toilet"
version = "0.1.0"
dependencies = [["BridgeNet2", "ffrostflame/bridgenet2@1.0.0"], ["Fusion", "elttob/fusion@0.2.0"], ["GoodSignal", "call23re/goodsignal@0.2.2"], ["Janitor", "howmanysmall/janitor@1.16.0"], ["Reflex", "littensy/reflex@4.3.1"], ["Sift", "csqrl/sift@0.0.8"], ["Viewport", "aspecky/viewportfitter@1.0.0"], ["ZonePlus", "mattschrubb/zoneplus@3.2.0"], ["ProfileService", "alreadypro/profileservice@1.0.4"]]

[[package]]
name = "pysephwasntavailable/remotepacketsizecounter"
version = "2.4.1"
dependencies = []
